
Microsoft Visual Studio Solution File, Format Version 12.00
Project("{FAE04EC0-301F-11D3-BF4B-00C04F79EFBC}") = "ArticleServiceTests", "ArticleServiceTests\ArticleServiceTests.csproj", "{FCF6A371-7ED8-4FFB-9F83-4DAE34AE7CCD}"
EndProject
Project("{FAE04EC0-301F-11D3-BF4B-00C04F79EFBC}") = "ArticleService", "ArticleDataService\ArticleService.csproj", "{F4DB1100-2BA4-455D-9657-ED652AA23ED8}"
EndProject
Global
	GlobalSection(SolutionConfigurationPlatforms) = preSolution
		Debug|Any CPU = Debug|Any CPU
		Release|Any CPU = Release|Any CPU
	EndGlobalSection
	GlobalSection(ProjectConfigurationPlatforms) = postSolution
		{FCF6A371-7ED8-4FFB-9F83-4DAE34AE7CCD}.Debug|Any CPU.ActiveCfg = Debug|Any CPU
		{FCF6A371-7ED8-4FFB-9F83-4DAE34AE7CCD}.Debug|Any CPU.Build.0 = Debug|Any CPU
		{FCF6A371-7ED8-4FFB-9F83-4DAE34AE7CCD}.Release|Any CPU.ActiveCfg = Release|Any CPU
		{FCF6A371-7ED8-4FFB-9F83-4DAE34AE7CCD}.Release|Any CPU.Build.0 = Release|Any CPU
		{F4DB1100-2BA4-455D-9657-ED652AA23ED8}.Debug|Any CPU.ActiveCfg = Debug|Any CPU
		{F4DB1100-2BA4-455D-9657-ED652AA23ED8}.Debug|Any CPU.Build.0 = Debug|Any CPU
		{F4DB1100-2BA4-455D-9657-ED652AA23ED8}.Release|Any CPU.ActiveCfg = Release|Any CPU
		{F4DB1100-2BA4-455D-9657-ED652AA23ED8}.Release|Any CPU.Build.0 = Release|Any CPU
	EndGlobalSection
EndGlobal
